
Microsoft Visual Studio Solution File, Format Version 12.00
# Visual Studio Version 16
VisualStudioVersion = 16.0.31624.102
MinimumVisualStudioVersion = 10.0.40219.1
Project("{8BC9CEB8-8B4A-11D0-8D11-00A0C91BC942}") = "Sandbox", "Sandbox\Sandbox.vcxproj", "{B7BF6701-A7B6-448F-90D2-24875CCA6C00}"
EndProject
Project("{8BC9CEB8-8B4A-11D0-8D11-00A0C91BC942}") = "Xenos", "Xenos\Xenos.vcxproj", "{69FC811D-6531-4970-94B7-31E0C6903785}"
EndProject
Global
	GlobalSection(SolutionConfigurationPlatforms) = preSolution
		Debug|x64 = Debug|x64
		Release|x64 = Release|x64
	EndGlobalSection
	GlobalSection(ProjectConfigurationPlatforms) = postSolution
		{69FC811D-6531-4970-94B7-31E0C6903785}.Debug|x64.ActiveCfg = Debug|x64
		{69FC811D-6531-4970-94B7-31E0C6903785}.Debug|x64.Build.0 = Debug|x64
		{69FC811D-6531-4970-94B7-31E0C6903785}.Release|x64.ActiveCfg = Release|x64
		{69FC811D-6531-4970-94B7-31E0C6903785}.Release|x64.Build.0 = Release|x64
		{B7BF6701-A7B6-448F-90D2-24875CCA6C00}.Debug|x64.ActiveCfg = Debug|x64
		{B7BF6701-A7B6-448F-90D2-24875CCA6C00}.Debug|x64.Build.0 = Debug|x64
		{B7BF6701-A7B6-448F-90D2-24875CCA6C00}.Release|x64.ActiveCfg = Release|x64
		{B7BF6701-A7B6-448F-90D2-24875CCA6C00}.Release|x64.Build.0 = Release|x64
	EndGlobalSection
	GlobalSection(SolutionProperties) = preSolution
		HideSolutionNode = FALSE
	EndGlobalSection
	GlobalSection(ExtensibilityGlobals) = postSolution
		SolutionGuid = {DBFB3BF8-CBB1-49E6-9DE4-C89578B08B1D}
	EndGlobalSection
EndGlobal
